
Microsoft Visual Studio Solution File, Format Version 12.00
# Visual Studio 15
VisualStudioVersion = 15.0.28307.329
MinimumVisualStudioVersion = 10.0.40219.1
Project("{2150E333-8FDC-42A3-9474-1A3956D46DE8}") = "Solution Items", "Solution Items", "{8BB9D1C8-FA5B-4935-BA6D-D1E1ED95D772}"
EndProject
Project("{9A19103F-16F7-4668-BE54-9A1E7A4F7556}") = "Homework set", "Aotoganerate array\Homework set.csproj", "{93234C48-4D0A-4A8D-B33A-8B594F88DF24}"
EndProject
Project("{9A19103F-16F7-4668-BE54-9A1E7A4F7556}") = "Datetime2", "Datetime\Datetime2.csproj", "{B91D6107-521B-4192-8BCE-6F719B325507}"
EndProject
Project("{9A19103F-16F7-4668-BE54-9A1E7A4F7556}") = "ShowTime", "ShowTime\ShowTime.csproj", "{5B771974-10BD-45EF-BB2F-B36E9A7E3CBD}"
EndProject
Project("{9A19103F-16F7-4668-BE54-9A1E7A4F7556}") = "How many english word", "How many english word\How many english word.csproj", "{D9CC2D8A-6786-47BF-AE70-9E0D890A7E4A}"
EndProject
Project("{9A19103F-16F7-4668-BE54-9A1E7A4F7556}") = "interim", "interim\interim.csproj", "{95E5C594-DA0B-48A9-B24C-967A9A8062D1}"
EndProject
Project("{9A19103F-16F7-4668-BE54-9A1E7A4F7556}") = "htmlLearning", "htmlLearning\htmlLearning.csproj", "{84F6E21B-5A0B-462D-A15F-E7C8724173F9}"
EndProject
Project("{9A19103F-16F7-4668-BE54-9A1E7A4F7556}") = "MyGenericArray", "MyGenericArray\MyGenericArray.csproj", "{B8694644-A5D1-42D3-9AF0-667C79CEA9C6}"
EndProject
Project("{2150E333-8FDC-42A3-9474-1A3956D46DE8}") = "BinaryTree", "BinaryTree", "{397E8AC4-1ED4-4DA3-8C03-98D655AA1DCE}"
EndProject
Project("{9A19103F-16F7-4668-BE54-9A1E7A4F7556}") = "Binary-Tree", "Binary-Tree\Binary-Tree.csproj", "{FFE8972A-02DD-48FF-B0DA-2B8E30ED8E17}"
EndProject
Project("{2150E333-8FDC-42A3-9474-1A3956D46DE8}") = "sort", "sort", "{7CD82AC5-5101-4573-AB82-1BC2F4B88CBB}"
EndProject
Project("{9A19103F-16F7-4668-BE54-9A1E7A4F7556}") = "Array-Sort", "Bubble-Sort\Array-Sort.csproj", "{9B57F61C-1FDE-4380-9A55-8212EA9B354C}"
EndProject
Project("{2150E333-8FDC-42A3-9474-1A3956D46DE8}") = "DateStructure", "DateStructure", "{3892DE17-25B4-4EDB-AAA2-83B17E532D58}"
EndProject
Project("{2150E333-8FDC-42A3-9474-1A3956D46DE8}") = "RecursionbynaryAdd", "RecursionbynaryAdd", "{0F7A177B-AE16-4E31-BAA3-5CB2562878D9}"
EndProject
Project("{9A19103F-16F7-4668-BE54-9A1E7A4F7556}") = "BynaryAdd", "BynaryAdd\BynaryAdd.csproj", "{46241CC0-E986-42F6-88B0-E8129BC44EC2}"
EndProject
Project("{9A19103F-16F7-4668-BE54-9A1E7A4F7556}") = "17bang", "17bang\17bang.csproj", "{4EB69609-6041-4D7D-AA99-5CCF28D458A8}"
EndProject
Project("{9A19103F-16F7-4668-BE54-9A1E7A4F7556}") = "Demo", "Demo\Demo.csproj", "{5E679020-45F2-4FC5-8B2C-A9D88CF27C79}"
EndProject
Project("{2150E333-8FDC-42A3-9474-1A3956D46DE8}") = "Quick Sort", "Quick Sort", "{E05D1C29-BDFB-4EE1-BEDF-4CF9C46B145B}"
EndProject
Project("{9A19103F-16F7-4668-BE54-9A1E7A4F7556}") = "Quick-Sort", "Quick-Sort\Quick-Sort.csproj", "{81B8E52F-CA43-42BE-8F17-472D59121CC2}"
EndProject
Project("{00D1A9C2-B5F0-4AF3-8072-F6C62B433612}") = "17bangSQLServer", "..\17bangSQLServer\17bangSQLServer.sqlproj", "{2A907CB7-476B-462D-BDAA-E5D38E13D4EE}"
EndProject
Project("{FAE04EC0-301F-11D3-BF4B-00C04F79EFBC}") = "SQLServer", "..\SQLServer\SQLServer.csproj", "{66FCF71B-2D49-4501-9705-304A3B1CEB9C}"
EndProject
Global
	GlobalSection(SolutionConfigurationPlatforms) = preSolution
		Debug|Any CPU = Debug|Any CPU
		Release|Any CPU = Release|Any CPU
	EndGlobalSection
	GlobalSection(ProjectConfigurationPlatforms) = postSolution
		{93234C48-4D0A-4A8D-B33A-8B594F88DF24}.Debug|Any CPU.ActiveCfg = Debug|Any CPU
		{93234C48-4D0A-4A8D-B33A-8B594F88DF24}.Debug|Any CPU.Build.0 = Debug|Any CPU
		{93234C48-4D0A-4A8D-B33A-8B594F88DF24}.Release|Any CPU.ActiveCfg = Release|Any CPU
		{93234C48-4D0A-4A8D-B33A-8B594F88DF24}.Release|Any CPU.Build.0 = Release|Any CPU
		{B91D6107-521B-4192-8BCE-6F719B325507}.Debug|Any CPU.ActiveCfg = Debug|Any CPU
		{B91D6107-521B-4192-8BCE-6F719B325507}.Debug|Any CPU.Build.0 = Debug|Any CPU
		{B91D6107-521B-4192-8BCE-6F719B325507}.Release|Any CPU.ActiveCfg = Release|Any CPU
		{B91D6107-521B-4192-8BCE-6F719B325507}.Release|Any CPU.Build.0 = Release|Any CPU
		{5B771974-10BD-45EF-BB2F-B36E9A7E3CBD}.Debug|Any CPU.ActiveCfg = Debug|Any CPU
		{5B771974-10BD-45EF-BB2F-B36E9A7E3CBD}.Debug|Any CPU.Build.0 = Debug|Any CPU
		{5B771974-10BD-45EF-BB2F-B36E9A7E3CBD}.Release|Any CPU.ActiveCfg = Release|Any CPU
		{5B771974-10BD-45EF-BB2F-B36E9A7E3CBD}.Release|Any CPU.Build.0 = Release|Any CPU
		{D9CC2D8A-6786-47BF-AE70-9E0D890A7E4A}.Debug|Any CPU.ActiveCfg = Debug|Any CPU
		{D9CC2D8A-6786-47BF-AE70-9E0D890A7E4A}.Debug|Any CPU.Build.0 = Debug|Any CPU
		{D9CC2D8A-6786-47BF-AE70-9E0D890A7E4A}.Release|Any CPU.ActiveCfg = Release|Any CPU
		{D9CC2D8A-6786-47BF-AE70-9E0D890A7E4A}.Release|Any CPU.Build.0 = Release|Any CPU
		{95E5C594-DA0B-48A9-B24C-967A9A8062D1}.Debug|Any CPU.ActiveCfg = Debug|Any CPU
		{95E5C594-DA0B-48A9-B24C-967A9A8062D1}.Debug|Any CPU.Build.0 = Debug|Any CPU
		{95E5C594-DA0B-48A9-B24C-967A9A8062D1}.Release|Any CPU.ActiveCfg = Release|Any CPU
		{95E5C594-DA0B-48A9-B24C-967A9A8062D1}.Release|Any CPU.Build.0 = Release|Any CPU
		{84F6E21B-5A0B-462D-A15F-E7C8724173F9}.Debug|Any CPU.ActiveCfg = Debug|Any CPU
		{84F6E21B-5A0B-462D-A15F-E7C8724173F9}.Debug|Any CPU.Build.0 = Debug|Any CPU
		{84F6E21B-5A0B-462D-A15F-E7C8724173F9}.Release|Any CPU.ActiveCfg = Release|Any CPU
		{84F6E21B-5A0B-462D-A15F-E7C8724173F9}.Release|Any CPU.Build.0 = Release|Any CPU
		{B8694644-A5D1-42D3-9AF0-667C79CEA9C6}.Debug|Any CPU.ActiveCfg = Debug|Any CPU
		{B8694644-A5D1-42D3-9AF0-667C79CEA9C6}.Debug|Any CPU.Build.0 = Debug|Any CPU
		{B8694644-A5D1-42D3-9AF0-667C79CEA9C6}.Release|Any CPU.ActiveCfg = Release|Any CPU
		{B8694644-A5D1-42D3-9AF0-667C79CEA9C6}.Release|Any CPU.Build.0 = Release|Any CPU
		{FFE8972A-02DD-48FF-B0DA-2B8E30ED8E17}.Debug|Any CPU.ActiveCfg = Debug|Any CPU
		{FFE8972A-02DD-48FF-B0DA-2B8E30ED8E17}.Debug|Any CPU.Build.0 = Debug|Any CPU
		{FFE8972A-02DD-48FF-B0DA-2B8E30ED8E17}.Release|Any CPU.ActiveCfg = Release|Any CPU
		{FFE8972A-02DD-48FF-B0DA-2B8E30ED8E17}.Release|Any CPU.Build.0 = Release|Any CPU
		{9B57F61C-1FDE-4380-9A55-8212EA9B354C}.Debug|Any CPU.ActiveCfg = Debug|Any CPU
		{9B57F61C-1FDE-4380-9A55-8212EA9B354C}.Debug|Any CPU.Build.0 = Debug|Any CPU
		{9B57F61C-1FDE-4380-9A55-8212EA9B354C}.Release|Any CPU.ActiveCfg = Release|Any CPU
		{9B57F61C-1FDE-4380-9A55-8212EA9B354C}.Release|Any CPU.Build.0 = Release|Any CPU
		{46241CC0-E986-42F6-88B0-E8129BC44EC2}.Debug|Any CPU.ActiveCfg = Debug|Any CPU
		{46241CC0-E986-42F6-88B0-E8129BC44EC2}.Debug|Any CPU.Build.0 = Debug|Any CPU
		{46241CC0-E986-42F6-88B0-E8129BC44EC2}.Release|Any CPU.ActiveCfg = Release|Any CPU
		{46241CC0-E986-42F6-88B0-E8129BC44EC2}.Release|Any CPU.Build.0 = Release|Any CPU
		{4EB69609-6041-4D7D-AA99-5CCF28D458A8}.Debug|Any CPU.ActiveCfg = Debug|Any CPU
		{4EB69609-6041-4D7D-AA99-5CCF28D458A8}.Debug|Any CPU.Build.0 = Debug|Any CPU
		{4EB69609-6041-4D7D-AA99-5CCF28D458A8}.Release|Any CPU.ActiveCfg = Release|Any CPU
		{4EB69609-6041-4D7D-AA99-5CCF28D458A8}.Release|Any CPU.Build.0 = Release|Any CPU
		{5E679020-45F2-4FC5-8B2C-A9D88CF27C79}.Debug|Any CPU.ActiveCfg = Debug|Any CPU
		{5E679020-45F2-4FC5-8B2C-A9D88CF27C79}.Debug|Any CPU.Build.0 = Debug|Any CPU
		{5E679020-45F2-4FC5-8B2C-A9D88CF27C79}.Release|Any CPU.ActiveCfg = Release|Any CPU
		{5E679020-45F2-4FC5-8B2C-A9D88CF27C79}.Release|Any CPU.Build.0 = Release|Any CPU
		{81B8E52F-CA43-42BE-8F17-472D59121CC2}.Debug|Any CPU.ActiveCfg = Debug|Any CPU
		{81B8E52F-CA43-42BE-8F17-472D59121CC2}.Debug|Any CPU.Build.0 = Debug|Any CPU
		{81B8E52F-CA43-42BE-8F17-472D59121CC2}.Release|Any CPU.ActiveCfg = Release|Any CPU
		{81B8E52F-CA43-42BE-8F17-472D59121CC2}.Release|Any CPU.Build.0 = Release|Any CPU
		{2A907CB7-476B-462D-BDAA-E5D38E13D4EE}.Debug|Any CPU.ActiveCfg = Debug|Any CPU
		{2A907CB7-476B-462D-BDAA-E5D38E13D4EE}.Debug|Any CPU.Build.0 = Debug|Any CPU
		{2A907CB7-476B-462D-BDAA-E5D38E13D4EE}.Debug|Any CPU.Deploy.0 = Debug|Any CPU
		{2A907CB7-476B-462D-BDAA-E5D38E13D4EE}.Release|Any CPU.ActiveCfg = Release|Any CPU
		{2A907CB7-476B-462D-BDAA-E5D38E13D4EE}.Release|Any CPU.Build.0 = Release|Any CPU
		{2A907CB7-476B-462D-BDAA-E5D38E13D4EE}.Release|Any CPU.Deploy.0 = Release|Any CPU
		{66FCF71B-2D49-4501-9705-304A3B1CEB9C}.Debug|Any CPU.ActiveCfg = Debug|Any CPU
		{66FCF71B-2D49-4501-9705-304A3B1CEB9C}.Debug|Any CPU.Build.0 = Debug|Any CPU
		{66FCF71B-2D49-4501-9705-304A3B1CEB9C}.Release|Any CPU.ActiveCfg = Release|Any CPU
		{66FCF71B-2D49-4501-9705-304A3B1CEB9C}.Release|Any CPU.Build.0 = Release|Any CPU
	EndGlobalSection
	GlobalSection(SolutionProperties) = preSolution
		HideSolutionNode = FALSE
	EndGlobalSection
	GlobalSection(NestedProjects) = preSolution
		{93234C48-4D0A-4A8D-B33A-8B594F88DF24} = {8BB9D1C8-FA5B-4935-BA6D-D1E1ED95D772}
		{B91D6107-521B-4192-8BCE-6F719B325507} = {8BB9D1C8-FA5B-4935-BA6D-D1E1ED95D772}
		{5B771974-10BD-45EF-BB2F-B36E9A7E3CBD} = {8BB9D1C8-FA5B-4935-BA6D-D1E1ED95D772}
		{D9CC2D8A-6786-47BF-AE70-9E0D890A7E4A} = {8BB9D1C8-FA5B-4935-BA6D-D1E1ED95D772}
		{95E5C594-DA0B-48A9-B24C-967A9A8062D1} = {8BB9D1C8-FA5B-4935-BA6D-D1E1ED95D772}
		{B8694644-A5D1-42D3-9AF0-667C79CEA9C6} = {8BB9D1C8-FA5B-4935-BA6D-D1E1ED95D772}
		{397E8AC4-1ED4-4DA3-8C03-98D655AA1DCE} = {3892DE17-25B4-4EDB-AAA2-83B17E532D58}
		{FFE8972A-02DD-48FF-B0DA-2B8E30ED8E17} = {397E8AC4-1ED4-4DA3-8C03-98D655AA1DCE}
		{7CD82AC5-5101-4573-AB82-1BC2F4B88CBB} = {3892DE17-25B4-4EDB-AAA2-83B17E532D58}
		{9B57F61C-1FDE-4380-9A55-8212EA9B354C} = {7CD82AC5-5101-4573-AB82-1BC2F4B88CBB}
		{0F7A177B-AE16-4E31-BAA3-5CB2562878D9} = {3892DE17-25B4-4EDB-AAA2-83B17E532D58}
		{46241CC0-E986-42F6-88B0-E8129BC44EC2} = {0F7A177B-AE16-4E31-BAA3-5CB2562878D9}
		{5E679020-45F2-4FC5-8B2C-A9D88CF27C79} = {8BB9D1C8-FA5B-4935-BA6D-D1E1ED95D772}
		{E05D1C29-BDFB-4EE1-BEDF-4CF9C46B145B} = {3892DE17-25B4-4EDB-AAA2-83B17E532D58}
		{81B8E52F-CA43-42BE-8F17-472D59121CC2} = {E05D1C29-BDFB-4EE1-BEDF-4CF9C46B145B}
	EndGlobalSection
	GlobalSection(ExtensibilityGlobals) = postSolution
		SolutionGuid = {1AA6B83E-27C9-4427-AF77-D9D7FD4CB187}
	EndGlobalSection
EndGlobal
