
Microsoft Visual Studio Solution File, Format Version 12.00
# Visual Studio 15
VisualStudioVersion = 15.0.28307.329
MinimumVisualStudioVersion = 10.0.40219.1
Project("{2150E333-8FDC-42A3-9474-1A3956D46DE8}") = "Solution Items", "Solution Items", "{8BB9D1C8-FA5B-4935-BA6D-D1E1ED95D772}"
EndProject
Project("{9A19103F-16F7-4668-BE54-9A1E7A4F7556}") = "Homework set", "Aotoganerate array\Homework set.csproj", "{93234C48-4D0A-4A8D-B33A-8B594F88DF24}"
EndProject
Project("{9A19103F-16F7-4668-BE54-9A1E7A4F7556}") = "Datetime2", "Datetime\Datetime2.csproj", "{B91D6107-521B-4192-8BCE-6F719B325507}"
EndProject
Project("{9A19103F-16F7-4668-BE54-9A1E7A4F7556}") = "ShowTime", "ShowTime\ShowTime.csproj", "{5B771974-10BD-45EF-BB2F-B36E9A7E3CBD}"
EndProject
Project("{9A19103F-16F7-4668-BE54-9A1E7A4F7556}") = "How many english word", "How many english word\How many english word.csproj", "{D9CC2D8A-6786-47BF-AE70-9E0D890A7E4A}"
EndProject
Project("{9A19103F-16F7-4668-BE54-9A1E7A4F7556}") = "interim", "interim\interim.csproj", "{95E5C594-DA0B-48A9-B24C-967A9A8062D1}"
EndProject
Project("{9A19103F-16F7-4668-BE54-9A1E7A4F7556}") = "htmlLearning", "htmlLearning\htmlLearning.csproj", "{84F6E21B-5A0B-462D-A15F-E7C8724173F9}"
EndProject
Project("{FAE04EC0-301F-11D3-BF4B-00C04F79EFBC}") = "MyGenericArray", "MyGenericArray\MyGenericArray.csproj", "{B8694644-A5D1-42D3-9AF0-667C79CEA9C6}"
EndProject
Global
	GlobalSection(SolutionConfigurationPlatforms) = preSolution
		Debug|Any CPU = Debug|Any CPU
		Release|Any CPU = Release|Any CPU
	EndGlobalSection
	GlobalSection(ProjectConfigurationPlatforms) = postSolution
		{93234C48-4D0A-4A8D-B33A-8B594F88DF24}.Debug|Any CPU.ActiveCfg = Debug|Any CPU
		{93234C48-4D0A-4A8D-B33A-8B594F88DF24}.Debug|Any CPU.Build.0 = Debug|Any CPU
		{93234C48-4D0A-4A8D-B33A-8B594F88DF24}.Release|Any CPU.ActiveCfg = Release|Any CPU
		{93234C48-4D0A-4A8D-B33A-8B594F88DF24}.Release|Any CPU.Build.0 = Release|Any CPU
		{B91D6107-521B-4192-8BCE-6F719B325507}.Debug|Any CPU.ActiveCfg = Debug|Any CPU
		{B91D6107-521B-4192-8BCE-6F719B325507}.Debug|Any CPU.Build.0 = Debug|Any CPU
		{B91D6107-521B-4192-8BCE-6F719B325507}.Release|Any CPU.ActiveCfg = Release|Any CPU
		{B91D6107-521B-4192-8BCE-6F719B325507}.Release|Any CPU.Build.0 = Release|Any CPU
		{5B771974-10BD-45EF-BB2F-B36E9A7E3CBD}.Debug|Any CPU.ActiveCfg = Debug|Any CPU
		{5B771974-10BD-45EF-BB2F-B36E9A7E3CBD}.Debug|Any CPU.Build.0 = Debug|Any CPU
		{5B771974-10BD-45EF-BB2F-B36E9A7E3CBD}.Release|Any CPU.ActiveCfg = Release|Any CPU
		{5B771974-10BD-45EF-BB2F-B36E9A7E3CBD}.Release|Any CPU.Build.0 = Release|Any CPU
		{D9CC2D8A-6786-47BF-AE70-9E0D890A7E4A}.Debug|Any CPU.ActiveCfg = Debug|Any CPU
		{D9CC2D8A-6786-47BF-AE70-9E0D890A7E4A}.Debug|Any CPU.Build.0 = Debug|Any CPU
		{D9CC2D8A-6786-47BF-AE70-9E0D890A7E4A}.Release|Any CPU.ActiveCfg = Release|Any CPU
		{D9CC2D8A-6786-47BF-AE70-9E0D890A7E4A}.Release|Any CPU.Build.0 = Release|Any CPU
		{95E5C594-DA0B-48A9-B24C-967A9A8062D1}.Debug|Any CPU.ActiveCfg = Debug|Any CPU
		{95E5C594-DA0B-48A9-B24C-967A9A8062D1}.Debug|Any CPU.Build.0 = Debug|Any CPU
		{95E5C594-DA0B-48A9-B24C-967A9A8062D1}.Release|Any CPU.ActiveCfg = Release|Any CPU
		{95E5C594-DA0B-48A9-B24C-967A9A8062D1}.Release|Any CPU.Build.0 = Release|Any CPU
		{84F6E21B-5A0B-462D-A15F-E7C8724173F9}.Debug|Any CPU.ActiveCfg = Debug|Any CPU
		{84F6E21B-5A0B-462D-A15F-E7C8724173F9}.Debug|Any CPU.Build.0 = Debug|Any CPU
		{84F6E21B-5A0B-462D-A15F-E7C8724173F9}.Release|Any CPU.ActiveCfg = Release|Any CPU
		{84F6E21B-5A0B-462D-A15F-E7C8724173F9}.Release|Any CPU.Build.0 = Release|Any CPU
		{B8694644-A5D1-42D3-9AF0-667C79CEA9C6}.Debug|Any CPU.ActiveCfg = Debug|Any CPU
		{B8694644-A5D1-42D3-9AF0-667C79CEA9C6}.Debug|Any CPU.Build.0 = Debug|Any CPU
		{B8694644-A5D1-42D3-9AF0-667C79CEA9C6}.Release|Any CPU.ActiveCfg = Release|Any CPU
		{B8694644-A5D1-42D3-9AF0-667C79CEA9C6}.Release|Any CPU.Build.0 = Release|Any CPU
	EndGlobalSection
	GlobalSection(SolutionProperties) = preSolution
		HideSolutionNode = FALSE
	EndGlobalSection
	GlobalSection(NestedProjects) = preSolution
		{93234C48-4D0A-4A8D-B33A-8B594F88DF24} = {8BB9D1C8-FA5B-4935-BA6D-D1E1ED95D772}
		{B91D6107-521B-4192-8BCE-6F719B325507} = {8BB9D1C8-FA5B-4935-BA6D-D1E1ED95D772}
		{5B771974-10BD-45EF-BB2F-B36E9A7E3CBD} = {8BB9D1C8-FA5B-4935-BA6D-D1E1ED95D772}
		{D9CC2D8A-6786-47BF-AE70-9E0D890A7E4A} = {8BB9D1C8-FA5B-4935-BA6D-D1E1ED95D772}
		{95E5C594-DA0B-48A9-B24C-967A9A8062D1} = {8BB9D1C8-FA5B-4935-BA6D-D1E1ED95D772}
		{B8694644-A5D1-42D3-9AF0-667C79CEA9C6} = {8BB9D1C8-FA5B-4935-BA6D-D1E1ED95D772}
	EndGlobalSection
	GlobalSection(ExtensibilityGlobals) = postSolution
		SolutionGuid = {1AA6B83E-27C9-4427-AF77-D9D7FD4CB187}
	EndGlobalSection
EndGlobal
